
Microsoft Visual Studio Solution File, Format Version 12.00
# Visual Studio Version 16
VisualStudioVersion = 16.0.31410.357
MinimumVisualStudioVersion = 10.0.40219.1
Project("{FAE04EC0-301F-11D3-BF4B-00C04F79EFBC}") = "DynamicData.Web", "DynamicData.Web\DynamicData.Web.csproj", "{01AF7DB8-5232-46E4-97FA-30F62E660378}"
EndProject
Global
	GlobalSection(SolutionConfigurationPlatforms) = preSolution
		Debug|Any CPU = Debug|Any CPU
		Release|Any CPU = Release|Any CPU
	EndGlobalSection
	GlobalSection(ProjectConfigurationPlatforms) = postSolution
		{01AF7DB8-5232-46E4-97FA-30F62E660378}.Debug|Any CPU.ActiveCfg = Debug|Any CPU
		{01AF7DB8-5232-46E4-97FA-30F62E660378}.Debug|Any CPU.Build.0 = Debug|Any CPU
		{01AF7DB8-5232-46E4-97FA-30F62E660378}.Release|Any CPU.ActiveCfg = Release|Any CPU
		{01AF7DB8-5232-46E4-97FA-30F62E660378}.Release|Any CPU.Build.0 = Release|Any CPU
	EndGlobalSection
	GlobalSection(SolutionProperties) = preSolution
		HideSolutionNode = FALSE
	EndGlobalSection
	GlobalSection(ExtensibilityGlobals) = postSolution
		SolutionGuid = {5FF75C52-F917-4B77-9DFA-AEDF1D44DCDF}
	EndGlobalSection
EndGlobal
